# This file is automatically @generated by Poetry 1.8.2 and should not be changed by hand.

[[package]]
name = "protobuf"
version = "5.27.1"
description = ""
optional = false
python-versions = ">=3.8"
files = [
    {file = "protobuf-5.27.1-cp310-abi3-win32.whl", hash = "sha256:3adc15ec0ff35c5b2d0992f9345b04a540c1e73bfee3ff1643db43cc1d734333"},
    {file = "protobuf-5.27.1-cp310-abi3-win_amd64.whl", hash = "sha256:25236b69ab4ce1bec413fd4b68a15ef8141794427e0b4dc173e9d5d9dffc3bcd"},
    {file = "protobuf-5.27.1-cp38-abi3-macosx_10_9_universal2.whl", hash = "sha256:4e38fc29d7df32e01a41cf118b5a968b1efd46b9c41ff515234e794011c78b17"},
    {file = "protobuf-5.27.1-cp38-abi3-manylinux2014_aarch64.whl", hash = "sha256:917ed03c3eb8a2d51c3496359f5b53b4e4b7e40edfbdd3d3f34336e0eef6825a"},
    {file = "protobuf-5.27.1-cp38-abi3-manylinux2014_x86_64.whl", hash = "sha256:ee52874a9e69a30271649be88ecbe69d374232e8fd0b4e4b0aaaa87f429f1631"},
    {file = "protobuf-5.27.1-cp38-cp38-win32.whl", hash = "sha256:7a97b9c5aed86b9ca289eb5148df6c208ab5bb6906930590961e08f097258107"},
    {file = "protobuf-5.27.1-cp38-cp38-win_amd64.whl", hash = "sha256:f6abd0f69968792da7460d3c2cfa7d94fd74e1c21df321eb6345b963f9ec3d8d"},
    {file = "protobuf-5.27.1-cp39-cp39-win32.whl", hash = "sha256:dfddb7537f789002cc4eb00752c92e67885badcc7005566f2c5de9d969d3282d"},
    {file = "protobuf-5.27.1-cp39-cp39-win_amd64.whl", hash = "sha256:39309898b912ca6febb0084ea912e976482834f401be35840a008da12d189340"},
    {file = "protobuf-5.27.1-py3-none-any.whl", hash = "sha256:4ac7249a1530a2ed50e24201d6630125ced04b30619262f06224616e0030b6cf"},
    {file = "protobuf-5.27.1.tar.gz", hash = "sha256:df5e5b8e39b7d1c25b186ffdf9f44f40f810bbcc9d2b71d9d3156fee5a9adf15"},
]

[metadata]
lock-version = "2.0"
python-versions = "^3.9"
content-hash = "c2f7bdd758742feec427c06d29dbfb80feb124a79a615b6fb8a3d1af647ff856"
